
Microsoft Visual Studio Solution File, Format Version 12.00
# Visual Studio 2013
VisualStudioVersion = 12.0.31101.0
MinimumVisualStudioVersion = 10.0.40219.1
Project("{FAE04EC0-301F-11D3-BF4B-00C04F79EFBC}") = "VsoApi.Contracts", "VsoApi.Contracts\VsoApi.Contracts.csproj", "{CC06FA88-4737-402E-BD28-010A2D35E6B3}"
EndProject
Project("{FAE04EC0-301F-11D3-BF4B-00C04F79EFBC}") = "VsoApi.Client", "VsoApi.Client\VsoApi.Client.csproj", "{F763A629-3981-4C88-A5ED-3900C34E0E7A}"
EndProject
Project("{FAE04EC0-301F-11D3-BF4B-00C04F79EFBC}") = "VsoApi.Client.Tests", "VsoApi.Client.Tests\VsoApi.Client.Tests.csproj", "{D906A0DE-D8F0-4227-B7E9-288BA21D0973}"
EndProject
Project("{2150E333-8FDC-42A3-9474-1A3956D46DE8}") = "Solution Files", "Solution Files", "{77413B1D-7F1E-4A8F-A3DC-59A2CE5A1E20}"
	ProjectSection(SolutionItems) = preProject
		CustomDictionary.xml = CustomDictionary.xml
		VsoApi.MsAgile.Entities.nuspec = VsoApi.MsAgile.Entities.nuspec
	EndProjectSection
EndProject
Project("{FAE04EC0-301F-11D3-BF4B-00C04F79EFBC}") = "VsoApi.Client.AcceptanceTests", "VsoApi.Client.AcceptanceTests\VsoApi.Client.AcceptanceTests.csproj", "{E9F609FA-D4B1-424C-B7F1-DAF6E6E499F4}"
EndProject
Project("{FAE04EC0-301F-11D3-BF4B-00C04F79EFBC}") = "VsoApi.MsAgile.Entities", "VsoApi.MsAgile.Entities\VsoApi.MsAgile.Entities.csproj", "{3371C9AD-B9B2-4079-A6CA-1777BD23017B}"
EndProject
Project("{2150E333-8FDC-42A3-9474-1A3956D46DE8}") = "External", "External", "{DE1A02AF-DC2E-4886-A3E3-A6E60FDF6BED}"
EndProject
Project("{FAE04EC0-301F-11D3-BF4B-00C04F79EFBC}") = "IQToolkit", "IQToolkit\IQToolkit.csproj", "{0DA62A7C-3B40-456F-A4B2-B3E19ED4080E}"
EndProject
Project("{FAE04EC0-301F-11D3-BF4B-00C04F79EFBC}") = "VsoApi.MsAgile.Entities.Tests", "VsoApi.MsAgile.Entities.Tests\VsoApi.MsAgile.Entities.Tests.csproj", "{517C712B-F6F0-4CA3-8E76-09136CF6D12E}"
EndProject
Project("{FAE04EC0-301F-11D3-BF4B-00C04F79EFBC}") = "VsoApi.MsAgile.Metrics", "VsoApi.MsAgile.Metrics\VsoApi.MsAgile.Metrics.csproj", "{92102EC7-6AF4-43E0-8BBC-E8EB25D1497F}"
EndProject
Project("{FAE04EC0-301F-11D3-BF4B-00C04F79EFBC}") = "VsoApi.Backend", "VsoApi.Backend\VsoApi.Backend.csproj", "{4748960C-FCDB-4EF3-A6E9-03CFE999D8BE}"
EndProject
Project("{2150E333-8FDC-42A3-9474-1A3956D46DE8}") = ".nuget", ".nuget", "{00133F9B-B817-4BE2-BDBA-223E9624E434}"
	ProjectSection(SolutionItems) = preProject
		.nuget\NuGet.Config = .nuget\NuGet.Config
		.nuget\NuGet.exe = .nuget\NuGet.exe
		.nuget\NuGet.targets = .nuget\NuGet.targets
		.nuget\packages.config = .nuget\packages.config
	EndProjectSection
EndProject
Global
	GlobalSection(SolutionConfigurationPlatforms) = preSolution
		Debug|Any CPU = Debug|Any CPU
		Release|Any CPU = Release|Any CPU
	EndGlobalSection
	GlobalSection(ProjectConfigurationPlatforms) = postSolution
		{CC06FA88-4737-402E-BD28-010A2D35E6B3}.Debug|Any CPU.ActiveCfg = Debug|Any CPU
		{CC06FA88-4737-402E-BD28-010A2D35E6B3}.Debug|Any CPU.Build.0 = Debug|Any CPU
		{CC06FA88-4737-402E-BD28-010A2D35E6B3}.Release|Any CPU.ActiveCfg = Release|Any CPU
		{CC06FA88-4737-402E-BD28-010A2D35E6B3}.Release|Any CPU.Build.0 = Release|Any CPU
		{F763A629-3981-4C88-A5ED-3900C34E0E7A}.Debug|Any CPU.ActiveCfg = Debug|Any CPU
		{F763A629-3981-4C88-A5ED-3900C34E0E7A}.Debug|Any CPU.Build.0 = Debug|Any CPU
		{F763A629-3981-4C88-A5ED-3900C34E0E7A}.Release|Any CPU.ActiveCfg = Release|Any CPU
		{F763A629-3981-4C88-A5ED-3900C34E0E7A}.Release|Any CPU.Build.0 = Release|Any CPU
		{D906A0DE-D8F0-4227-B7E9-288BA21D0973}.Debug|Any CPU.ActiveCfg = Debug|Any CPU
		{D906A0DE-D8F0-4227-B7E9-288BA21D0973}.Debug|Any CPU.Build.0 = Debug|Any CPU
		{D906A0DE-D8F0-4227-B7E9-288BA21D0973}.Release|Any CPU.ActiveCfg = Release|Any CPU
		{D906A0DE-D8F0-4227-B7E9-288BA21D0973}.Release|Any CPU.Build.0 = Release|Any CPU
		{E9F609FA-D4B1-424C-B7F1-DAF6E6E499F4}.Debug|Any CPU.ActiveCfg = Debug|Any CPU
		{E9F609FA-D4B1-424C-B7F1-DAF6E6E499F4}.Debug|Any CPU.Build.0 = Debug|Any CPU
		{E9F609FA-D4B1-424C-B7F1-DAF6E6E499F4}.Release|Any CPU.ActiveCfg = Release|Any CPU
		{E9F609FA-D4B1-424C-B7F1-DAF6E6E499F4}.Release|Any CPU.Build.0 = Release|Any CPU
		{3371C9AD-B9B2-4079-A6CA-1777BD23017B}.Debug|Any CPU.ActiveCfg = Debug|Any CPU
		{3371C9AD-B9B2-4079-A6CA-1777BD23017B}.Debug|Any CPU.Build.0 = Debug|Any CPU
		{3371C9AD-B9B2-4079-A6CA-1777BD23017B}.Release|Any CPU.ActiveCfg = Release|Any CPU
		{3371C9AD-B9B2-4079-A6CA-1777BD23017B}.Release|Any CPU.Build.0 = Release|Any CPU
		{0DA62A7C-3B40-456F-A4B2-B3E19ED4080E}.Debug|Any CPU.ActiveCfg = Debug|Any CPU
		{0DA62A7C-3B40-456F-A4B2-B3E19ED4080E}.Debug|Any CPU.Build.0 = Debug|Any CPU
		{0DA62A7C-3B40-456F-A4B2-B3E19ED4080E}.Release|Any CPU.ActiveCfg = Release|Any CPU
		{0DA62A7C-3B40-456F-A4B2-B3E19ED4080E}.Release|Any CPU.Build.0 = Release|Any CPU
		{517C712B-F6F0-4CA3-8E76-09136CF6D12E}.Debug|Any CPU.ActiveCfg = Debug|Any CPU
		{517C712B-F6F0-4CA3-8E76-09136CF6D12E}.Debug|Any CPU.Build.0 = Debug|Any CPU
		{517C712B-F6F0-4CA3-8E76-09136CF6D12E}.Release|Any CPU.ActiveCfg = Release|Any CPU
		{517C712B-F6F0-4CA3-8E76-09136CF6D12E}.Release|Any CPU.Build.0 = Release|Any CPU
		{92102EC7-6AF4-43E0-8BBC-E8EB25D1497F}.Debug|Any CPU.ActiveCfg = Debug|Any CPU
		{92102EC7-6AF4-43E0-8BBC-E8EB25D1497F}.Debug|Any CPU.Build.0 = Debug|Any CPU
		{92102EC7-6AF4-43E0-8BBC-E8EB25D1497F}.Release|Any CPU.ActiveCfg = Release|Any CPU
		{92102EC7-6AF4-43E0-8BBC-E8EB25D1497F}.Release|Any CPU.Build.0 = Release|Any CPU
		{4748960C-FCDB-4EF3-A6E9-03CFE999D8BE}.Debug|Any CPU.ActiveCfg = Debug|Any CPU
		{4748960C-FCDB-4EF3-A6E9-03CFE999D8BE}.Debug|Any CPU.Build.0 = Debug|Any CPU
		{4748960C-FCDB-4EF3-A6E9-03CFE999D8BE}.Release|Any CPU.ActiveCfg = Release|Any CPU
		{4748960C-FCDB-4EF3-A6E9-03CFE999D8BE}.Release|Any CPU.Build.0 = Release|Any CPU
	EndGlobalSection
	GlobalSection(SolutionProperties) = preSolution
		HideSolutionNode = FALSE
	EndGlobalSection
	GlobalSection(NestedProjects) = preSolution
		{0DA62A7C-3B40-456F-A4B2-B3E19ED4080E} = {DE1A02AF-DC2E-4886-A3E3-A6E60FDF6BED}
	EndGlobalSection
EndGlobal
